// !$*UTF8*$!
{
	archiveVersion = 1;
	classes = {
	};
	objectVersion = 55;
	objects = {

/* Begin PBXBuildFile section */
		023FD68728BBE67D0000AC50 /* AppDelegate.swift in Sources */ = {isa = PBXBuildFile; fileRef = 023FD68628BBE67D0000AC50 /* AppDelegate.swift */; };
		023FD68928BBE67D0000AC50 /* SceneDelegate.swift in Sources */ = {isa = PBXBuildFile; fileRef = 023FD68828BBE67D0000AC50 /* SceneDelegate.swift */; };
		023FD68B28BBE67D0000AC50 /* ViewController.swift in Sources */ = {isa = PBXBuildFile; fileRef = 023FD68A28BBE67D0000AC50 /* ViewController.swift */; };
		023FD68E28BBE67D0000AC50 /* Main.storyboard in Resources */ = {isa = PBXBuildFile; fileRef = 023FD68C28BBE67D0000AC50 /* Main.storyboard */; };
		023FD69028BBE67D0000AC50 /* Assets.xcassets in Resources */ = {isa = PBXBuildFile; fileRef = 023FD68F28BBE67D0000AC50 /* Assets.xcassets */; };
		023FD69328BBE67D0000AC50 /* LaunchScreen.storyboard in Resources */ = {isa = PBXBuildFile; fileRef = 023FD69128BBE67D0000AC50 /* LaunchScreen.storyboard */; };
		026CC3C828BE5C7E00F0DCD0 /* ViewForButtons.swift in Sources */ = {isa = PBXBuildFile; fileRef = 026CC3C728BE5C7E00F0DCD0 /* ViewForButtons.swift */; };
		026CC3CA28BE5EE700F0DCD0 /* ViewForTextFields.swift in Sources */ = {isa = PBXBuildFile; fileRef = 026CC3C928BE5EE700F0DCD0 /* ViewForTextFields.swift */; };
/* End PBXBuildFile section */

/* Begin PBXFileReference section */
		023FD68328BBE67D0000AC50 /* HomeWork15_Karina.app */ = {isa = PBXFileReference; explicitFileType = wrapper.application; includeInIndex = 0; path = HomeWork15_Karina.app; sourceTree = BUILT_PRODUCTS_DIR; };
		023FD68628BBE67D0000AC50 /* AppDelegate.swift */ = {isa = PBXFileReference; lastKnownFileType = sourcecode.swift; path = AppDelegate.swift; sourceTree = "<group>"; };
		023FD68828BBE67D0000AC50 /* SceneDelegate.swift */ = {isa = PBXFileReference; lastKnownFileType = sourcecode.swift; path = SceneDelegate.swift; sourceTree = "<group>"; };
		023FD68A28BBE67D0000AC50 /* ViewController.swift */ = {isa = PBXFileReference; lastKnownFileType = sourcecode.swift; path = ViewController.swift; sourceTree = "<group>"; };
		023FD68D28BBE67D0000AC50 /* Base */ = {isa = PBXFileReference; lastKnownFileType = file.storyboard; name = Base; path = Base.lproj/Main.storyboard; sourceTree = "<group>"; };
		023FD68F28BBE67D0000AC50 /* Assets.xcassets */ = {isa = PBXFileReference; lastKnownFileType = folder.assetcatalog; path = Assets.xcassets; sourceTree = "<group>"; };
		023FD69228BBE67D0000AC50 /* Base */ = {isa = PBXFileReference; lastKnownFileType = file.storyboard; name = Base; path = Base.lproj/LaunchScreen.storyboard; sourceTree = "<group>"; };
		023FD69428BBE67D0000AC50 /* Info.plist */ = {isa = PBXFileReference; lastKnownFileType = text.plist.xml; path = Info.plist; sourceTree = "<group>"; };
		026CC3C728BE5C7E00F0DCD0 /* ViewForButtons.swift */ = {isa = PBXFileReference; lastKnownFileType = sourcecode.swift; path = ViewForButtons.swift; sourceTree = "<group>"; };
		026CC3C928BE5EE700F0DCD0 /* ViewForTextFields.swift */ = {isa = PBXFileReference; lastKnownFileType = sourcecode.swift; path = ViewForTextFields.swift; sourceTree = "<group>"; };
/* End PBXFileReference section */

/* Begin PBXFrameworksBuildPhase section */
		023FD68028BBE67D0000AC50 /* Frameworks */ = {
			isa = PBXFrameworksBuildPhase;
			buildActionMask = 2147483647;
			files = (
			);
			runOnlyForDeploymentPostprocessing = 0;
		};
/* End PBXFrameworksBuildPhase section */

/* Begin PBXGroup section */
		023FD67A28BBE67D0000AC50 = {
			isa = PBXGroup;
			children = (
				023FD68528BBE67D0000AC50 /* HomeWork15_Karina */,
				023FD68428BBE67D0000AC50 /* Products */,
			);
			sourceTree = "<group>";
		};
		023FD68428BBE67D0000AC50 /* Products */ = {
			isa = PBXGroup;
			children = (
				023FD68328BBE67D0000AC50 /* HomeWork15_Karina.app */,
			);
			name = Products;
			sourceTree = "<group>";
		};
		023FD68528BBE67D0000AC50 /* HomeWork15_Karina */ = {
			isa = PBXGroup;
			children = (
				023FD68628BBE67D0000AC50 /* AppDelegate.swift */,
				023FD68828BBE67D0000AC50 /* SceneDelegate.swift */,
				023FD68A28BBE67D0000AC50 /* ViewController.swift */,
				026CC3C928BE5EE700F0DCD0 /* ViewForTextFields.swift */,
				026CC3C728BE5C7E00F0DCD0 /* ViewForButtons.swift */,
				023FD68C28BBE67D0000AC50 /* Main.storyboard */,
				023FD68F28BBE67D0000AC50 /* Assets.xcassets */,
				023FD69128BBE67D0000AC50 /* LaunchScreen.storyboard */,
				023FD69428BBE67D0000AC50 /* Info.plist */,
			);
			path = HomeWork15_Karina;
			sourceTree = "<group>";
		};
/* End PBXGroup section */

/* Begin PBXNativeTarget section */
		023FD68228BBE67D0000AC50 /* HomeWork15_Karina */ = {
			isa = PBXNativeTarget;
			buildConfigurationList = 023FD69728BBE67D0000AC50 /* Build configuration list for PBXNativeTarget "HomeWork15_Karina" */;
			buildPhases = (
				023FD67F28BBE67D0000AC50 /* Sources */,
				023FD68028BBE67D0000AC50 /* Frameworks */,
				023FD68128BBE67D0000AC50 /* Resources */,
			);
			buildRules = (
			);
			dependencies = (
			);
			name = HomeWork15_Karina;
			productName = HomeWork15_Karina;
			productReference = 023FD68328BBE67D0000AC50 /* HomeWork15_Karina.app */;
			productType = "com.apple.product-type.application";
		};
/* End PBXNativeTarget section */

/* Begin PBXProject section */
		023FD67B28BBE67D0000AC50 /* Project object */ = {
			isa = PBXProject;
			attributes = {
				BuildIndependentTargetsInParallel = 1;
				LastSwiftUpdateCheck = 1320;
				LastUpgradeCheck = 1320;
				TargetAttributes = {
					023FD68228BBE67D0000AC50 = {
						CreatedOnToolsVersion = 13.2.1;
					};
				};
			};
			buildConfigurationList = 023FD67E28BBE67D0000AC50 /* Build configuration list for PBXProject "HomeWork15_Karina" */;
			compatibilityVersion = "Xcode 13.0";
			developmentRegion = en;
			hasScannedForEncodings = 0;
			knownRegions = (
				en,
				Base,
			);
			mainGroup = 023FD67A28BBE67D0000AC50;
			productRefGroup = 023FD68428BBE67D0000AC50 /* Products */;
			projectDirPath = "";
			projectRoot = "";
			targets = (
				023FD68228BBE67D0000AC50 /* HomeWork15_Karina */,
			);
		};
/* End PBXProject section */

/* Begin PBXResourcesBuildPhase section */
		023FD68128BBE67D0000AC50 /* Resources */ = {
			isa = PBXResourcesBuildPhase;
			buildActionMask = 2147483647;
			files = (
				023FD69328BBE67D0000AC50 /* LaunchScreen.storyboard in Resources */,
				023FD69028BBE67D0000AC50 /* Assets.xcassets in Resources */,
				023FD68E28BBE67D0000AC50 /* Main.storyboard in Resources */,
			);
			runOnlyForDeploymentPostprocessing = 0;
		};
/* End PBXResourcesBuildPhase section */

/* Begin PBXSourcesBuildPhase section */
		023FD67F28BBE67D0000AC50 /* Sources */ = {
			isa = PBXSourcesBuildPhase;
			buildActionMask = 2147483647;
			files = (
				026CC3C828BE5C7E00F0DCD0 /* ViewForButtons.swift in Sources */,
				023FD68B28BBE67D0000AC50 /* ViewController.swift in Sources */,
				023FD68728BBE67D0000AC50 /* AppDelegate.swift in Sources */,
				023FD68928BBE67D0000AC50 /* SceneDelegate.swift in Sources */,
				026CC3CA28BE5EE700F0DCD0 /* ViewForTextFields.swift in Sources */,
			);
			runOnlyForDeploymentPostprocessing = 0;
		};
/* End PBXSourcesBuildPhase section */

/* Begin PBXVariantGroup section */
		023FD68C28BBE67D0000AC50 /* Main.storyboard */ = {
			isa = PBXVariantGroup;
			children = (
				023FD68D28BBE67D0000AC50 /* Base */,
			);
			name = Main.storyboard;
			sourceTree = "<group>";
		};
		023FD69128BBE67D0000AC50 /* LaunchScreen.storyboard */ = {
			isa = PBXVariantGroup;
			children = (
				023FD69228BBE67D0000AC50 /* Base */,
			);
			name = LaunchScreen.storyboard;
			sourceTree = "<group>";
		};
/* End PBXVariantGroup section */

/* Begin XCBuildConfiguration section */
		023FD69528BBE67D0000AC50 /* Debug */ = {
			isa = XCBuildConfiguration;
			buildSettings = {
				ALWAYS_SEARCH_USER_PATHS = NO;
				CLANG_ANALYZER_NONNULL = YES;
				CLANG_ANALYZER_NUMBER_OBJECT_CONVERSION = YES_AGGRESSIVE;
				CLANG_CXX_LANGUAGE_STANDARD = "gnu++17";
				CLANG_CXX_LIBRARY = "libc++";
				CLANG_ENABLE_MODULES = YES;
				CLANG_ENABLE_OBJC_ARC = YES;
				CLANG_ENABLE_OBJC_WEAK = YES;
				CLANG_WARN_BLOCK_CAPTURE_AUTORELEASING = YES;
				CLANG_WARN_BOOL_CONVERSION = YES;
				CLANG_WARN_COMMA = YES;
				CLANG_WARN_CONSTANT_CONVERSION = YES;
				CLANG_WARN_DEPRECATED_OBJC_IMPLEMENTATIONS = YES;
				CLANG_WARN_DIRECT_OBJC_ISA_USAGE = YES_ERROR;
				CLANG_WARN_DOCUMENTATION_COMMENTS = YES;
				CLANG_WARN_EMPTY_BODY = YES;
				CLANG_WARN_ENUM_CONVERSION = YES;
				CLANG_WARN_INFINITE_RECURSION = YES;
				CLANG_WARN_INT_CONVERSION = YES;
				CLANG_WARN_NON_LITERAL_NULL_CONVERSION = YES;
				CLANG_WARN_OBJC_IMPLICIT_RETAIN_SELF = YES;
				CLANG_WARN_OBJC_LITERAL_CONVERSION = YES;
				CLANG_WARN_OBJC_ROOT_CLASS = YES_ERROR;
				CLANG_WARN_QUOTED_INCLUDE_IN_FRAMEWORK_HEADER = YES;
				CLANG_WARN_RANGE_LOOP_ANALYSIS = YES;
				CLANG_WARN_STRICT_PROTOTYPES = YES;
				CLANG_WARN_SUSPICIOUS_MOVE = YES;
				CLANG_WARN_UNGUARDED_AVAILABILITY = YES_AGGRESSIVE;
				CLANG_WARN_UNREACHABLE_CODE = YES;
				CLANG_WARN__DUPLICATE_METHOD_MATCH = YES;
				COPY_PHASE_STRIP = NO;
				DEBUG_INFORMATION_FORMAT = dwarf;
				ENABLE_STRICT_OBJC_MSGSEND = YES;
				ENABLE_TESTABILITY = YES;
				GCC_C_LANGUAGE_STANDARD = gnu11;
				GCC_DYNAMIC_NO_PIC = NO;
				GCC_NO_COMMON_BLOCKS = YES;
				GCC_OPTIMIZATION_LEVEL = 0;
				GCC_PREPROCESSOR_DEFINITIONS = (
					"DEBUG=1",
					"$(inherited)",
				);
				GCC_WARN_64_TO_32_BIT_CONVERSION = YES;
				GCC_WARN_ABOUT_RETURN_TYPE = YES_ERROR;
				GCC_WARN_UNDECLARED_SELECTOR = YES;
				GCC_WARN_UNINITIALIZED_AUTOS = YES_AGGRESSIVE;
				GCC_WARN_UNUSED_FUNCTION = YES;
				GCC_WARN_UNUSED_VARIABLE = YES;
				IPHONEOS_DEPLOYMENT_TARGET = 15.2;
				MTL_ENABLE_DEBUG_INFO = INCLUDE_SOURCE;
				MTL_FAST_MATH = YES;
				ONLY_ACTIVE_ARCH = YES;
				SDKROOT = iphoneos;
				SWIFT_ACTIVE_COMPILATION_CONDITIONS = DEBUG;
				SWIFT_OPTIMIZATION_LEVEL = "-Onone";
			};
			name = Debug;
		};
		023FD69628BBE67D0000AC50 /* Release */ = {
			isa = XCBuildConfiguration;
			buildSettings = {
				ALWAYS_SEARCH_USER_PATHS = NO;
				CLANG_ANALYZER_NONNULL = YES;
				CLANG_ANALYZER_NUMBER_OBJECT_CONVERSION = YES_AGGRESSIVE;
				CLANG_CXX_LANGUAGE_STANDARD = "gnu++17";
				CLANG_CXX_LIBRARY = "libc++";
				CLANG_ENABLE_MODULES = YES;
				CLANG_ENABLE_OBJC_ARC = YES;
				CLANG_ENABLE_OBJC_WEAK = YES;
				CLANG_WARN_BLOCK_CAPTURE_AUTORELEASING = YES;
				CLANG_WARN_BOOL_CONVERSION = YES;
				CLANG_WARN_COMMA = YES;
				CLANG_WARN_CONSTANT_CONVERSION = YES;
				CLANG_WARN_DEPRECATED_OBJC_IMPLEMENTATIONS = YES;
				CLANG_WARN_DIRECT_OBJC_ISA_USAGE = YES_ERROR;
				CLANG_WARN_DOCUMENTATION_COMMENTS = YES;
				CLANG_WARN_EMPTY_BODY = YES;
				CLANG_WARN_ENUM_CONVERSION = YES;
				CLANG_WARN_INFINITE_RECURSION = YES;
				CLANG_WARN_INT_CONVERSION = YES;
				CLANG_WARN_NON_LITERAL_NULL_CONVERSION = YES;
				CLANG_WARN_OBJC_IMPLICIT_RETAIN_SELF = YES;
				CLANG_WARN_OBJC_LITERAL_CONVERSION = YES;
				CLANG_WARN_OBJC_ROOT_CLASS = YES_ERROR;
				CLANG_WARN_QUOTED_INCLUDE_IN_FRAMEWORK_HEADER = YES;
				CLANG_WARN_RANGE_LOOP_ANALYSIS = YES;
				CLANG_WARN_STRICT_PROTOTYPES = YES;
				CLANG_WARN_SUSPICIOUS_MOVE = YES;
				CLANG_WARN_UNGUARDED_AVAILABILITY = YES_AGGRESSIVE;
				CLANG_WARN_UNREACHABLE_CODE = YES;
				CLANG_WARN__DUPLICATE_METHOD_MATCH = YES;
				COPY_PHASE_STRIP = NO;
				DEBUG_INFORMATION_FORMAT = "dwarf-with-dsym";
				ENABLE_NS_ASSERTIONS = NO;
				ENABLE_STRICT_OBJC_MSGSEND = YES;
				GCC_C_LANGUAGE_STANDARD = gnu11;
				GCC_NO_COMMON_BLOCKS = YES;
				GCC_WARN_64_TO_32_BIT_CONVERSION = YES;
				GCC_WARN_ABOUT_RETURN_TYPE = YES_ERROR;
				GCC_WARN_UNDECLARED_SELECTOR = YES;
				GCC_WARN_UNINITIALIZED_AUTOS = YES_AGGRESSIVE;
				GCC_WARN_UNUSED_FUNCTION = YES;
				GCC_WARN_UNUSED_VARIABLE = YES;
				IPHONEOS_DEPLOYMENT_TARGET = 15.2;
				MTL_ENABLE_DEBUG_INFO = NO;
				MTL_FAST_MATH = YES;
				SDKROOT = iphoneos;
				SWIFT_COMPILATION_MODE = wholemodule;
				SWIFT_OPTIMIZATION_LEVEL = "-O";
				VALIDATE_PRODUCT = YES;
			};
			name = Release;
		};
		023FD69828BBE67D0000AC50 /* Debug */ = {
			isa = XCBuildConfiguration;
			buildSettings = {
				ASSETCATALOG_COMPILER_APPICON_NAME = AppIcon;
				ASSETCATALOG_COMPILER_GLOBAL_ACCENT_COLOR_NAME = AccentColor;
				CODE_SIGN_STYLE = Automatic;
				CURRENT_PROJECT_VERSION = 1;
				GENERATE_INFOPLIST_FILE = YES;
				INFOPLIST_FILE = HomeWork15_Karina/Info.plist;
				INFOPLIST_KEY_UIApplicationSupportsIndirectInputEvents = YES;
				INFOPLIST_KEY_UILaunchStoryboardName = LaunchScreen;
				INFOPLIST_KEY_UIMainStoryboardFile = Main;
				INFOPLIST_KEY_UISupportedInterfaceOrientations_iPad = "UIInterfaceOrientationPortrait UIInterfaceOrientationPortraitUpsideDown UIInterfaceOrientationLandscapeLeft UIInterfaceOrientationLandscapeRight";
				INFOPLIST_KEY_UISupportedInterfaceOrientations_iPhone = "UIInterfaceOrientationPortrait UIInterfaceOrientationLandscapeLeft UIInterfaceOrientationLandscapeRight";
				LD_RUNPATH_SEARCH_PATHS = (
					"$(inherited)",
					"@executable_path/Frameworks",
				);
				MARKETING_VERSION = 1.0;
				PRODUCT_BUNDLE_IDENTIFIER = "kk.HomeWork15-Karina";
				PRODUCT_NAME = "$(TARGET_NAME)";
				SWIFT_EMIT_LOC_STRINGS = YES;
				SWIFT_VERSION = 5.0;
				TARGETED_DEVICE_FAMILY = "1,2";
			};
			name = Debug;
		};
		023FD69928BBE67D0000AC50 /* Release */ = {
			isa = XCBuildConfiguration;
			buildSettings = {
				ASSETCATALOG_COMPILER_APPICON_NAME = AppIcon;
				ASSETCATALOG_COMPILER_GLOBAL_ACCENT_COLOR_NAME = AccentColor;
				CODE_SIGN_STYLE = Automatic;
				CURRENT_PROJECT_VERSION = 1;
				GENERATE_INFOPLIST_FILE = YES;
				INFOPLIST_FILE = HomeWork15_Karina/Info.plist;
				INFOPLIST_KEY_UIApplicationSupportsIndirectInputEvents = YES;
				INFOPLIST_KEY_UILaunchStoryboardName = LaunchScreen;
				INFOPLIST_KEY_UIMainStoryboardFile = Main;
				INFOPLIST_KEY_UISupportedInterfaceOrientations_iPad = "UIInterfaceOrientationPortrait UIInterfaceOrientationPortraitUpsideDown UIInterfaceOrientationLandscapeLeft UIInterfaceOrientationLandscapeRight";
				INFOPLIST_KEY_UISupportedInterfaceOrientations_iPhone = "UIInterfaceOrientationPortrait UIInterfaceOrientationLandscapeLeft UIInterfaceOrientationLandscapeRight";
				LD_RUNPATH_SEARCH_PATHS = (
					"$(inherited)",
					"@executable_path/Frameworks",
				);
				MARKETING_VERSION = 1.0;
				PRODUCT_BUNDLE_IDENTIFIER = "kk.HomeWork15-Karina";
				PRODUCT_NAME = "$(TARGET_NAME)";
				SWIFT_EMIT_LOC_STRINGS = YES;
				SWIFT_VERSION = 5.0;
				TARGETED_DEVICE_FAMILY = "1,2";
			};
			name = Release;
		};
/* End XCBuildConfiguration section */

/* Begin XCConfigurationList section */
		023FD67E28BBE67D0000AC50 /* Build configuration list for PBXProject "HomeWork15_Karina" */ = {
			isa = XCConfigurationList;
			buildConfigurations = (
				023FD69528BBE67D0000AC50 /* Debug */,
				023FD69628BBE67D0000AC50 /* Release */,
			);
			defaultConfigurationIsVisible = 0;
			defaultConfigurationName = Release;
		};
		023FD69728BBE67D0000AC50 /* Build configuration list for PBXNativeTarget "HomeWork15_Karina" */ = {
			isa = XCConfigurationList;
			buildConfigurations = (
				023FD69828BBE67D0000AC50 /* Debug */,
				023FD69928BBE67D0000AC50 /* Release */,
			);
			defaultConfigurationIsVisible = 0;
			defaultConfigurationName = Release;
		};
/* End XCConfigurationList section */
	};
	rootObject = 023FD67B28BBE67D0000AC50 /* Project object */;
}
